
Microsoft Visual Studio Solution File, Format Version 12.00
# Visual Studio Version 17
VisualStudioVersion = 17.5.002.0
MinimumVisualStudioVersion = 10.0.40219.1
Project("{9A19103F-16F7-4668-BE54-9A1E7A4F7556}") = "practice-linq", "practice-linq.csproj", "{FE59C1B2-8BD9-4AFA-8421-E18744D76654}"
EndProject
Global
	GlobalSection(SolutionConfigurationPlatforms) = preSolution
		Debug|Any CPU = Debug|Any CPU
		Release|Any CPU = Release|Any CPU
	EndGlobalSection
	GlobalSection(ProjectConfigurationPlatforms) = postSolution
		{FE59C1B2-8BD9-4AFA-8421-E18744D76654}.Debug|Any CPU.ActiveCfg = Debug|Any CPU
		{FE59C1B2-8BD9-4AFA-8421-E18744D76654}.Debug|Any CPU.Build.0 = Debug|Any CPU
		{FE59C1B2-8BD9-4AFA-8421-E18744D76654}.Release|Any CPU.ActiveCfg = Release|Any CPU
		{FE59C1B2-8BD9-4AFA-8421-E18744D76654}.Release|Any CPU.Build.0 = Release|Any CPU
	EndGlobalSection
	GlobalSection(SolutionProperties) = preSolution
		HideSolutionNode = FALSE
	EndGlobalSection
	GlobalSection(ExtensibilityGlobals) = postSolution
		SolutionGuid = {5A072CDD-1955-43E3-BF70-95EFE9A961DE}
	EndGlobalSection
EndGlobal
